
Microsoft Visual Studio Solution File, Format Version 11.00
# Visual Studio 2010
Project("{FAE04EC0-301F-11D3-BF4B-00C04F79EFBC}") = "Assembly-CSharp", "Assembly-CSharp.csproj", "{90859E49-38CD-48BA-6558-20E4D1423903}"
EndProject
Project("{FAE04EC0-301F-11D3-BF4B-00C04F79EFBC}") = "Substance.Platform", "Substance.Platform.csproj", "{49E84162-3EEC-D62B-E43E-FB9121E47A4B}"
EndProject
Project("{FAE04EC0-301F-11D3-BF4B-00C04F79EFBC}") = "Assembly-CSharp-Editor", "Assembly-CSharp-Editor.csproj", "{401E1804-EB02-FAD0-2EEC-6E990319B765}"
EndProject
Global
	GlobalSection(SolutionConfigurationPlatforms) = preSolution
		Debug|Any CPU = Debug|Any CPU
		Release|Any CPU = Release|Any CPU
	EndGlobalSection
	GlobalSection(ProjectConfigurationPlatforms) = postSolution
		{90859E49-38CD-48BA-6558-20E4D1423903}.Debug|Any CPU.ActiveCfg = Debug|Any CPU
		{90859E49-38CD-48BA-6558-20E4D1423903}.Debug|Any CPU.Build.0 = Debug|Any CPU
		{90859E49-38CD-48BA-6558-20E4D1423903}.Release|Any CPU.ActiveCfg = Release|Any CPU
		{90859E49-38CD-48BA-6558-20E4D1423903}.Release|Any CPU.Build.0 = Release|Any CPU
		{49E84162-3EEC-D62B-E43E-FB9121E47A4B}.Debug|Any CPU.ActiveCfg = Debug|Any CPU
		{49E84162-3EEC-D62B-E43E-FB9121E47A4B}.Debug|Any CPU.Build.0 = Debug|Any CPU
		{49E84162-3EEC-D62B-E43E-FB9121E47A4B}.Release|Any CPU.ActiveCfg = Release|Any CPU
		{49E84162-3EEC-D62B-E43E-FB9121E47A4B}.Release|Any CPU.Build.0 = Release|Any CPU
		{401E1804-EB02-FAD0-2EEC-6E990319B765}.Debug|Any CPU.ActiveCfg = Debug|Any CPU
		{401E1804-EB02-FAD0-2EEC-6E990319B765}.Debug|Any CPU.Build.0 = Debug|Any CPU
		{401E1804-EB02-FAD0-2EEC-6E990319B765}.Release|Any CPU.ActiveCfg = Release|Any CPU
		{401E1804-EB02-FAD0-2EEC-6E990319B765}.Release|Any CPU.Build.0 = Release|Any CPU
	EndGlobalSection
	GlobalSection(SolutionProperties) = preSolution
		HideSolutionNode = FALSE
	EndGlobalSection
	GlobalSection(MonoDevelopProperties) = preSolution
		StartupItem = Assembly-CSharp.csproj
	EndGlobalSection
EndGlobal
